// !$*UTF8*$!
{
	archiveVersion = 1;
	classes = {
	};
	objectVersion = 55;
	objects = {

/* Begin PBXBuildFile section */
		BD0151A028F5771700EDD4DB /* AppDelegate.swift in Sources */ = {isa = PBXBuildFile; fileRef = BD01519F28F5771700EDD4DB /* AppDelegate.swift */; };
		BD0151A228F5771700EDD4DB /* SceneDelegate.swift in Sources */ = {isa = PBXBuildFile; fileRef = BD0151A128F5771700EDD4DB /* SceneDelegate.swift */; };
		BD0151A428F5771700EDD4DB /* ViewController.swift in Sources */ = {isa = PBXBuildFile; fileRef = BD0151A328F5771700EDD4DB /* ViewController.swift */; };
		BD0151A728F5771700EDD4DB /* Main.storyboard in Resources */ = {isa = PBXBuildFile; fileRef = BD0151A528F5771700EDD4DB /* Main.storyboard */; };
		BD0151A928F5771800EDD4DB /* Assets.xcassets in Resources */ = {isa = PBXBuildFile; fileRef = BD0151A828F5771800EDD4DB /* Assets.xcassets */; };
		BD0151AC28F5771800EDD4DB /* LaunchScreen.storyboard in Resources */ = {isa = PBXBuildFile; fileRef = BD0151AA28F5771800EDD4DB /* LaunchScreen.storyboard */; };
		BD0151B728F5771800EDD4DB /* tugas1Tests.swift in Sources */ = {isa = PBXBuildFile; fileRef = BD0151B628F5771800EDD4DB /* tugas1Tests.swift */; };
		BD0151C128F5771800EDD4DB /* tugas1UITests.swift in Sources */ = {isa = PBXBuildFile; fileRef = BD0151C028F5771800EDD4DB /* tugas1UITests.swift */; };
		BD0151C328F5771800EDD4DB /* tugas1UITestsLaunchTests.swift in Sources */ = {isa = PBXBuildFile; fileRef = BD0151C228F5771800EDD4DB /* tugas1UITestsLaunchTests.swift */; };
/* End PBXBuildFile section */

/* Begin PBXContainerItemProxy section */
		BD0151B328F5771800EDD4DB /* PBXContainerItemProxy */ = {
			isa = PBXContainerItemProxy;
			containerPortal = BD01519428F5771700EDD4DB /* Project object */;
			proxyType = 1;
			remoteGlobalIDString = BD01519B28F5771700EDD4DB;
			remoteInfo = tugas1;
		};
		BD0151BD28F5771800EDD4DB /* PBXContainerItemProxy */ = {
			isa = PBXContainerItemProxy;
			containerPortal = BD01519428F5771700EDD4DB /* Project object */;
			proxyType = 1;
			remoteGlobalIDString = BD01519B28F5771700EDD4DB;
			remoteInfo = tugas1;
		};
/* End PBXContainerItemProxy section */

/* Begin PBXFileReference section */
		BD01519C28F5771700EDD4DB /* tugas1.app */ = {isa = PBXFileReference; explicitFileType = wrapper.application; includeInIndex = 0; path = tugas1.app; sourceTree = BUILT_PRODUCTS_DIR; };
		BD01519F28F5771700EDD4DB /* AppDelegate.swift */ = {isa = PBXFileReference; lastKnownFileType = sourcecode.swift; path = AppDelegate.swift; sourceTree = "<group>"; };
		BD0151A128F5771700EDD4DB /* SceneDelegate.swift */ = {isa = PBXFileReference; lastKnownFileType = sourcecode.swift; path = SceneDelegate.swift; sourceTree = "<group>"; };
		BD0151A328F5771700EDD4DB /* ViewController.swift */ = {isa = PBXFileReference; lastKnownFileType = sourcecode.swift; path = ViewController.swift; sourceTree = "<group>"; };
		BD0151A628F5771700EDD4DB /* Base */ = {isa = PBXFileReference; lastKnownFileType = file.storyboard; name = Base; path = Base.lproj/Main.storyboard; sourceTree = "<group>"; };
		BD0151A828F5771800EDD4DB /* Assets.xcassets */ = {isa = PBXFileReference; lastKnownFileType = folder.assetcatalog; path = Assets.xcassets; sourceTree = "<group>"; };
		BD0151AB28F5771800EDD4DB /* Base */ = {isa = PBXFileReference; lastKnownFileType = file.storyboard; name = Base; path = Base.lproj/LaunchScreen.storyboard; sourceTree = "<group>"; };
		BD0151AD28F5771800EDD4DB /* Info.plist */ = {isa = PBXFileReference; lastKnownFileType = text.plist.xml; path = Info.plist; sourceTree = "<group>"; };
		BD0151B228F5771800EDD4DB /* tugas1Tests.xctest */ = {isa = PBXFileReference; explicitFileType = wrapper.cfbundle; includeInIndex = 0; path = tugas1Tests.xctest; sourceTree = BUILT_PRODUCTS_DIR; };
		BD0151B628F5771800EDD4DB /* tugas1Tests.swift */ = {isa = PBXFileReference; lastKnownFileType = sourcecode.swift; path = tugas1Tests.swift; sourceTree = "<group>"; };
		BD0151BC28F5771800EDD4DB /* tugas1UITests.xctest */ = {isa = PBXFileReference; explicitFileType = wrapper.cfbundle; includeInIndex = 0; path = tugas1UITests.xctest; sourceTree = BUILT_PRODUCTS_DIR; };
		BD0151C028F5771800EDD4DB /* tugas1UITests.swift */ = {isa = PBXFileReference; lastKnownFileType = sourcecode.swift; path = tugas1UITests.swift; sourceTree = "<group>"; };
		BD0151C228F5771800EDD4DB /* tugas1UITestsLaunchTests.swift */ = {isa = PBXFileReference; lastKnownFileType = sourcecode.swift; path = tugas1UITestsLaunchTests.swift; sourceTree = "<group>"; };
/* End PBXFileReference section */

/* Begin PBXFrameworksBuildPhase section */
		BD01519928F5771700EDD4DB /* Frameworks */ = {
			isa = PBXFrameworksBuildPhase;
			buildActionMask = 2147483647;
			files = (
			);
			runOnlyForDeploymentPostprocessing = 0;
		};
		BD0151AF28F5771800EDD4DB /* Frameworks */ = {
			isa = PBXFrameworksBuildPhase;
			buildActionMask = 2147483647;
			files = (
			);
			runOnlyForDeploymentPostprocessing = 0;
		};
		BD0151B928F5771800EDD4DB /* Frameworks */ = {
			isa = PBXFrameworksBuildPhase;
			buildActionMask = 2147483647;
			files = (
			);
			runOnlyForDeploymentPostprocessing = 0;
		};
/* End PBXFrameworksBuildPhase section */

/* Begin PBXGroup section */
		BD01519328F5771700EDD4DB = {
			isa = PBXGroup;
			children = (
				BD01519E28F5771700EDD4DB /* tugas1 */,
				BD0151B528F5771800EDD4DB /* tugas1Tests */,
				BD0151BF28F5771800EDD4DB /* tugas1UITests */,
				BD01519D28F5771700EDD4DB /* Products */,
			);
			sourceTree = "<group>";
		};
		BD01519D28F5771700EDD4DB /* Products */ = {
			isa = PBXGroup;
			children = (
				BD01519C28F5771700EDD4DB /* tugas1.app */,
				BD0151B228F5771800EDD4DB /* tugas1Tests.xctest */,
				BD0151BC28F5771800EDD4DB /* tugas1UITests.xctest */,
			);
			name = Products;
			sourceTree = "<group>";
		};
		BD01519E28F5771700EDD4DB /* tugas1 */ = {
			isa = PBXGroup;
			children = (
				BD01519F28F5771700EDD4DB /* AppDelegate.swift */,
				BD0151A128F5771700EDD4DB /* SceneDelegate.swift */,
				BD0151A328F5771700EDD4DB /* ViewController.swift */,
				BD0151A528F5771700EDD4DB /* Main.storyboard */,
				BD0151A828F5771800EDD4DB /* Assets.xcassets */,
				BD0151AA28F5771800EDD4DB /* LaunchScreen.storyboard */,
				BD0151AD28F5771800EDD4DB /* Info.plist */,
			);
			path = tugas1;
			sourceTree = "<group>";
		};
		BD0151B528F5771800EDD4DB /* tugas1Tests */ = {
			isa = PBXGroup;
			children = (
				BD0151B628F5771800EDD4DB /* tugas1Tests.swift */,
			);
			path = tugas1Tests;
			sourceTree = "<group>";
		};
		BD0151BF28F5771800EDD4DB /* tugas1UITests */ = {
			isa = PBXGroup;
			children = (
				BD0151C028F5771800EDD4DB /* tugas1UITests.swift */,
				BD0151C228F5771800EDD4DB /* tugas1UITestsLaunchTests.swift */,
			);
			path = tugas1UITests;
			sourceTree = "<group>";
		};
/* End PBXGroup section */

/* Begin PBXNativeTarget section */
		BD01519B28F5771700EDD4DB /* tugas1 */ = {
			isa = PBXNativeTarget;
			buildConfigurationList = BD0151C628F5771800EDD4DB /* Build configuration list for PBXNativeTarget "tugas1" */;
			buildPhases = (
				BD01519828F5771700EDD4DB /* Sources */,
				BD01519928F5771700EDD4DB /* Frameworks */,
				BD01519A28F5771700EDD4DB /* Resources */,
			);
			buildRules = (
			);
			dependencies = (
			);
			name = tugas1;
			productName = tugas1;
			productReference = BD01519C28F5771700EDD4DB /* tugas1.app */;
			productType = "com.apple.product-type.application";
		};
		BD0151B128F5771800EDD4DB /* tugas1Tests */ = {
			isa = PBXNativeTarget;
			buildConfigurationList = BD0151C928F5771800EDD4DB /* Build configuration list for PBXNativeTarget "tugas1Tests" */;
			buildPhases = (
				BD0151AE28F5771800EDD4DB /* Sources */,
				BD0151AF28F5771800EDD4DB /* Frameworks */,
				BD0151B028F5771800EDD4DB /* Resources */,
			);
			buildRules = (
			);
			dependencies = (
				BD0151B428F5771800EDD4DB /* PBXTargetDependency */,
			);
			name = tugas1Tests;
			productName = tugas1Tests;
			productReference = BD0151B228F5771800EDD4DB /* tugas1Tests.xctest */;
			productType = "com.apple.product-type.bundle.unit-test";
		};
		BD0151BB28F5771800EDD4DB /* tugas1UITests */ = {
			isa = PBXNativeTarget;
			buildConfigurationList = BD0151CC28F5771800EDD4DB /* Build configuration list for PBXNativeTarget "tugas1UITests" */;
			buildPhases = (
				BD0151B828F5771800EDD4DB /* Sources */,
				BD0151B928F5771800EDD4DB /* Frameworks */,
				BD0151BA28F5771800EDD4DB /* Resources */,
			);
			buildRules = (
			);
			dependencies = (
				BD0151BE28F5771800EDD4DB /* PBXTargetDependency */,
			);
			name = tugas1UITests;
			productName = tugas1UITests;
			productReference = BD0151BC28F5771800EDD4DB /* tugas1UITests.xctest */;
			productType = "com.apple.product-type.bundle.ui-testing";
		};
/* End PBXNativeTarget section */

/* Begin PBXProject section */
		BD01519428F5771700EDD4DB /* Project object */ = {
			isa = PBXProject;
			attributes = {
				BuildIndependentTargetsInParallel = 1;
				LastSwiftUpdateCheck = 1340;
				LastUpgradeCheck = 1340;
				TargetAttributes = {
					BD01519B28F5771700EDD4DB = {
						CreatedOnToolsVersion = 13.4.1;
					};
					BD0151B128F5771800EDD4DB = {
						CreatedOnToolsVersion = 13.4.1;
						TestTargetID = BD01519B28F5771700EDD4DB;
					};
					BD0151BB28F5771800EDD4DB = {
						CreatedOnToolsVersion = 13.4.1;
						TestTargetID = BD01519B28F5771700EDD4DB;
					};
				};
			};
			buildConfigurationList = BD01519728F5771700EDD4DB /* Build configuration list for PBXProject "tugas1" */;
			compatibilityVersion = "Xcode 13.0";
			developmentRegion = en;
			hasScannedForEncodings = 0;
			knownRegions = (
				en,
				Base,
			);
			mainGroup = BD01519328F5771700EDD4DB;
			productRefGroup = BD01519D28F5771700EDD4DB /* Products */;
			projectDirPath = "";
			projectRoot = "";
			targets = (
				BD01519B28F5771700EDD4DB /* tugas1 */,
				BD0151B128F5771800EDD4DB /* tugas1Tests */,
				BD0151BB28F5771800EDD4DB /* tugas1UITests */,
			);
		};
/* End PBXProject section */

/* Begin PBXResourcesBuildPhase section */
		BD01519A28F5771700EDD4DB /* Resources */ = {
			isa = PBXResourcesBuildPhase;
			buildActionMask = 2147483647;
			files = (
				BD0151AC28F5771800EDD4DB /* LaunchScreen.storyboard in Resources */,
				BD0151A928F5771800EDD4DB /* Assets.xcassets in Resources */,
				BD0151A728F5771700EDD4DB /* Main.storyboard in Resources */,
			);
			runOnlyForDeploymentPostprocessing = 0;
		};
		BD0151B028F5771800EDD4DB /* Resources */ = {
			isa = PBXResourcesBuildPhase;
			buildActionMask = 2147483647;
			files = (
			);
			runOnlyForDeploymentPostprocessing = 0;
		};
		BD0151BA28F5771800EDD4DB /* Resources */ = {
			isa = PBXResourcesBuildPhase;
			buildActionMask = 2147483647;
			files = (
			);
			runOnlyForDeploymentPostprocessing = 0;
		};
/* End PBXResourcesBuildPhase section */

/* Begin PBXSourcesBuildPhase section */
		BD01519828F5771700EDD4DB /* Sources */ = {
			isa = PBXSourcesBuildPhase;
			buildActionMask = 2147483647;
			files = (
				BD0151A428F5771700EDD4DB /* ViewController.swift in Sources */,
				BD0151A028F5771700EDD4DB /* AppDelegate.swift in Sources */,
				BD0151A228F5771700EDD4DB /* SceneDelegate.swift in Sources */,
			);
			runOnlyForDeploymentPostprocessing = 0;
		};
		BD0151AE28F5771800EDD4DB /* Sources */ = {
			isa = PBXSourcesBuildPhase;
			buildActionMask = 2147483647;
			files = (
				BD0151B728F5771800EDD4DB /* tugas1Tests.swift in Sources */,
			);
			runOnlyForDeploymentPostprocessing = 0;
		};
		BD0151B828F5771800EDD4DB /* Sources */ = {
			isa = PBXSourcesBuildPhase;
			buildActionMask = 2147483647;
			files = (
				BD0151C128F5771800EDD4DB /* tugas1UITests.swift in Sources */,
				BD0151C328F5771800EDD4DB /* tugas1UITestsLaunchTests.swift in Sources */,
			);
			runOnlyForDeploymentPostprocessing = 0;
		};
/* End PBXSourcesBuildPhase section */

/* Begin PBXTargetDependency section */
		BD0151B428F5771800EDD4DB /* PBXTargetDependency */ = {
			isa = PBXTargetDependency;
			target = BD01519B28F5771700EDD4DB /* tugas1 */;
			targetProxy = BD0151B328F5771800EDD4DB /* PBXContainerItemProxy */;
		};
		BD0151BE28F5771800EDD4DB /* PBXTargetDependency */ = {
			isa = PBXTargetDependency;
			target = BD01519B28F5771700EDD4DB /* tugas1 */;
			targetProxy = BD0151BD28F5771800EDD4DB /* PBXContainerItemProxy */;
		};
/* End PBXTargetDependency section */

/* Begin PBXVariantGroup section */
		BD0151A528F5771700EDD4DB /* Main.storyboard */ = {
			isa = PBXVariantGroup;
			children = (
				BD0151A628F5771700EDD4DB /* Base */,
			);
			name = Main.storyboard;
			sourceTree = "<group>";
		};
		BD0151AA28F5771800EDD4DB /* LaunchScreen.storyboard */ = {
			isa = PBXVariantGroup;
			children = (
				BD0151AB28F5771800EDD4DB /* Base */,
			);
			name = LaunchScreen.storyboard;
			sourceTree = "<group>";
		};
/* End PBXVariantGroup section */

/* Begin XCBuildConfiguration section */
		BD0151C428F5771800EDD4DB /* Debug */ = {
			isa = XCBuildConfiguration;
			buildSettings = {
				ALWAYS_SEARCH_USER_PATHS = NO;
				CLANG_ANALYZER_NONNULL = YES;
				CLANG_ANALYZER_NUMBER_OBJECT_CONVERSION = YES_AGGRESSIVE;
				CLANG_CXX_LANGUAGE_STANDARD = "gnu++17";
				CLANG_ENABLE_MODULES = YES;
				CLANG_ENABLE_OBJC_ARC = YES;
				CLANG_ENABLE_OBJC_WEAK = YES;
				CLANG_WARN_BLOCK_CAPTURE_AUTORELEASING = YES;
				CLANG_WARN_BOOL_CONVERSION = YES;
				CLANG_WARN_COMMA = YES;
				CLANG_WARN_CONSTANT_CONVERSION = YES;
				CLANG_WARN_DEPRECATED_OBJC_IMPLEMENTATIONS = YES;
				CLANG_WARN_DIRECT_OBJC_ISA_USAGE = YES_ERROR;
				CLANG_WARN_DOCUMENTATION_COMMENTS = YES;
				CLANG_WARN_EMPTY_BODY = YES;
				CLANG_WARN_ENUM_CONVERSION = YES;
				CLANG_WARN_INFINITE_RECURSION = YES;
				CLANG_WARN_INT_CONVERSION = YES;
				CLANG_WARN_NON_LITERAL_NULL_CONVERSION = YES;
				CLANG_WARN_OBJC_IMPLICIT_RETAIN_SELF = YES;
				CLANG_WARN_OBJC_LITERAL_CONVERSION = YES;
				CLANG_WARN_OBJC_ROOT_CLASS = YES_ERROR;
				CLANG_WARN_QUOTED_INCLUDE_IN_FRAMEWORK_HEADER = YES;
				CLANG_WARN_RANGE_LOOP_ANALYSIS = YES;
				CLANG_WARN_STRICT_PROTOTYPES = YES;
				CLANG_WARN_SUSPICIOUS_MOVE = YES;
				CLANG_WARN_UNGUARDED_AVAILABILITY = YES_AGGRESSIVE;
				CLANG_WARN_UNREACHABLE_CODE = YES;
				CLANG_WARN__DUPLICATE_METHOD_MATCH = YES;
				COPY_PHASE_STRIP = NO;
				DEBUG_INFORMATION_FORMAT = dwarf;
				ENABLE_STRICT_OBJC_MSGSEND = YES;
				ENABLE_TESTABILITY = YES;
				GCC_C_LANGUAGE_STANDARD = gnu11;
				GCC_DYNAMIC_NO_PIC = NO;
				GCC_NO_COMMON_BLOCKS = YES;
				GCC_OPTIMIZATION_LEVEL = 0;
				GCC_PREPROCESSOR_DEFINITIONS = (
					"DEBUG=1",
					"$(inherited)",
				);
				GCC_WARN_64_TO_32_BIT_CONVERSION = YES;
				GCC_WARN_ABOUT_RETURN_TYPE = YES_ERROR;
				GCC_WARN_UNDECLARED_SELECTOR = YES;
				GCC_WARN_UNINITIALIZED_AUTOS = YES_AGGRESSIVE;
				GCC_WARN_UNUSED_FUNCTION = YES;
				GCC_WARN_UNUSED_VARIABLE = YES;
				IPHONEOS_DEPLOYMENT_TARGET = 15.5;
				MTL_ENABLE_DEBUG_INFO = INCLUDE_SOURCE;
				MTL_FAST_MATH = YES;
				ONLY_ACTIVE_ARCH = YES;
				SDKROOT = iphoneos;
				SWIFT_ACTIVE_COMPILATION_CONDITIONS = DEBUG;
				SWIFT_OPTIMIZATION_LEVEL = "-Onone";
			};
			name = Debug;
		};
		BD0151C528F5771800EDD4DB /* Release */ = {
			isa = XCBuildConfiguration;
			buildSettings = {
				ALWAYS_SEARCH_USER_PATHS = NO;
				CLANG_ANALYZER_NONNULL = YES;
				CLANG_ANALYZER_NUMBER_OBJECT_CONVERSION = YES_AGGRESSIVE;
				CLANG_CXX_LANGUAGE_STANDARD = "gnu++17";
				CLANG_ENABLE_MODULES = YES;
				CLANG_ENABLE_OBJC_ARC = YES;
				CLANG_ENABLE_OBJC_WEAK = YES;
				CLANG_WARN_BLOCK_CAPTURE_AUTORELEASING = YES;
				CLANG_WARN_BOOL_CONVERSION = YES;
				CLANG_WARN_COMMA = YES;
				CLANG_WARN_CONSTANT_CONVERSION = YES;
				CLANG_WARN_DEPRECATED_OBJC_IMPLEMENTATIONS = YES;
				CLANG_WARN_DIRECT_OBJC_ISA_USAGE = YES_ERROR;
				CLANG_WARN_DOCUMENTATION_COMMENTS = YES;
				CLANG_WARN_EMPTY_BODY = YES;
				CLANG_WARN_ENUM_CONVERSION = YES;
				CLANG_WARN_INFINITE_RECURSION = YES;
				CLANG_WARN_INT_CONVERSION = YES;
				CLANG_WARN_NON_LITERAL_NULL_CONVERSION = YES;
				CLANG_WARN_OBJC_IMPLICIT_RETAIN_SELF = YES;
				CLANG_WARN_OBJC_LITERAL_CONVERSION = YES;
				CLANG_WARN_OBJC_ROOT_CLASS = YES_ERROR;
				CLANG_WARN_QUOTED_INCLUDE_IN_FRAMEWORK_HEADER = YES;
				CLANG_WARN_RANGE_LOOP_ANALYSIS = YES;
				CLANG_WARN_STRICT_PROTOTYPES = YES;
				CLANG_WARN_SUSPICIOUS_MOVE = YES;
				CLANG_WARN_UNGUARDED_AVAILABILITY = YES_AGGRESSIVE;
				CLANG_WARN_UNREACHABLE_CODE = YES;
				CLANG_WARN__DUPLICATE_METHOD_MATCH = YES;
				COPY_PHASE_STRIP = NO;
				DEBUG_INFORMATION_FORMAT = "dwarf-with-dsym";
				ENABLE_NS_ASSERTIONS = NO;
				ENABLE_STRICT_OBJC_MSGSEND = YES;
				GCC_C_LANGUAGE_STANDARD = gnu11;
				GCC_NO_COMMON_BLOCKS = YES;
				GCC_WARN_64_TO_32_BIT_CONVERSION = YES;
				GCC_WARN_ABOUT_RETURN_TYPE = YES_ERROR;
				GCC_WARN_UNDECLARED_SELECTOR = YES;
				GCC_WARN_UNINITIALIZED_AUTOS = YES_AGGRESSIVE;
				GCC_WARN_UNUSED_FUNCTION = YES;
				GCC_WARN_UNUSED_VARIABLE = YES;
				IPHONEOS_DEPLOYMENT_TARGET = 15.5;
				MTL_ENABLE_DEBUG_INFO = NO;
				MTL_FAST_MATH = YES;
				SDKROOT = iphoneos;
				SWIFT_COMPILATION_MODE = wholemodule;
				SWIFT_OPTIMIZATION_LEVEL = "-O";
				VALIDATE_PRODUCT = YES;
			};
			name = Release;
		};
		BD0151C728F5771800EDD4DB /* Debug */ = {
			isa = XCBuildConfiguration;
			buildSettings = {
				ASSETCATALOG_COMPILER_APPICON_NAME = AppIcon;
				ASSETCATALOG_COMPILER_GLOBAL_ACCENT_COLOR_NAME = AccentColor;
				CODE_SIGN_STYLE = Automatic;
				CURRENT_PROJECT_VERSION = 1;
				GENERATE_INFOPLIST_FILE = YES;
				INFOPLIST_FILE = tugas1/Info.plist;
				INFOPLIST_KEY_UIApplicationSupportsIndirectInputEvents = YES;
				INFOPLIST_KEY_UILaunchStoryboardName = LaunchScreen;
				INFOPLIST_KEY_UIMainStoryboardFile = Main;
				INFOPLIST_KEY_UISupportedInterfaceOrientations_iPad = "UIInterfaceOrientationPortrait UIInterfaceOrientationPortraitUpsideDown UIInterfaceOrientationLandscapeLeft UIInterfaceOrientationLandscapeRight";
				INFOPLIST_KEY_UISupportedInterfaceOrientations_iPhone = "UIInterfaceOrientationPortrait UIInterfaceOrientationLandscapeLeft UIInterfaceOrientationLandscapeRight";
				LD_RUNPATH_SEARCH_PATHS = (
					"$(inherited)",
					"@executable_path/Frameworks",
				);
				MARKETING_VERSION = 1.0;
				PRODUCT_BUNDLE_IDENTIFIER = com.tugas1;
				PRODUCT_NAME = "$(TARGET_NAME)";
				SWIFT_EMIT_LOC_STRINGS = YES;
				SWIFT_VERSION = 5.0;
				TARGETED_DEVICE_FAMILY = "1,2";
			};
			name = Debug;
		};
		BD0151C828F5771800EDD4DB /* Release */ = {
			isa = XCBuildConfiguration;
			buildSettings = {
				ASSETCATALOG_COMPILER_APPICON_NAME = AppIcon;
				ASSETCATALOG_COMPILER_GLOBAL_ACCENT_COLOR_NAME = AccentColor;
				CODE_SIGN_STYLE = Automatic;
				CURRENT_PROJECT_VERSION = 1;
				GENERATE_INFOPLIST_FILE = YES;
				INFOPLIST_FILE = tugas1/Info.plist;
				INFOPLIST_KEY_UIApplicationSupportsIndirectInputEvents = YES;
				INFOPLIST_KEY_UILaunchStoryboardName = LaunchScreen;
				INFOPLIST_KEY_UIMainStoryboardFile = Main;
				INFOPLIST_KEY_UISupportedInterfaceOrientations_iPad = "UIInterfaceOrientationPortrait UIInterfaceOrientationPortraitUpsideDown UIInterfaceOrientationLandscapeLeft UIInterfaceOrientationLandscapeRight";
				INFOPLIST_KEY_UISupportedInterfaceOrientations_iPhone = "UIInterfaceOrientationPortrait UIInterfaceOrientationLandscapeLeft UIInterfaceOrientationLandscapeRight";
				LD_RUNPATH_SEARCH_PATHS = (
					"$(inherited)",
					"@executable_path/Frameworks",
				);
				MARKETING_VERSION = 1.0;
				PRODUCT_BUNDLE_IDENTIFIER = com.tugas1;
				PRODUCT_NAME = "$(TARGET_NAME)";
				SWIFT_EMIT_LOC_STRINGS = YES;
				SWIFT_VERSION = 5.0;
				TARGETED_DEVICE_FAMILY = "1,2";
			};
			name = Release;
		};
		BD0151CA28F5771800EDD4DB /* Debug */ = {
			isa = XCBuildConfiguration;
			buildSettings = {
				ALWAYS_EMBED_SWIFT_STANDARD_LIBRARIES = YES;
				BUNDLE_LOADER = "$(TEST_HOST)";
				CODE_SIGN_STYLE = Automatic;
				CURRENT_PROJECT_VERSION = 1;
				GENERATE_INFOPLIST_FILE = YES;
				IPHONEOS_DEPLOYMENT_TARGET = 15.5;
				MARKETING_VERSION = 1.0;
				PRODUCT_BUNDLE_IDENTIFIER = com.tugas1Tests;
				PRODUCT_NAME = "$(TARGET_NAME)";
				SWIFT_EMIT_LOC_STRINGS = NO;
				SWIFT_VERSION = 5.0;
				TARGETED_DEVICE_FAMILY = "1,2";
				TEST_HOST = "$(BUILT_PRODUCTS_DIR)/tugas1.app/tugas1";
			};
			name = Debug;
		};
		BD0151CB28F5771800EDD4DB /* Release */ = {
			isa = XCBuildConfiguration;
			buildSettings = {
				ALWAYS_EMBED_SWIFT_STANDARD_LIBRARIES = YES;
				BUNDLE_LOADER = "$(TEST_HOST)";
				CODE_SIGN_STYLE = Automatic;
				CURRENT_PROJECT_VERSION = 1;
				GENERATE_INFOPLIST_FILE = YES;
				IPHONEOS_DEPLOYMENT_TARGET = 15.5;
				MARKETING_VERSION = 1.0;
				PRODUCT_BUNDLE_IDENTIFIER = com.tugas1Tests;
				PRODUCT_NAME = "$(TARGET_NAME)";
				SWIFT_EMIT_LOC_STRINGS = NO;
				SWIFT_VERSION = 5.0;
				TARGETED_DEVICE_FAMILY = "1,2";
				TEST_HOST = "$(BUILT_PRODUCTS_DIR)/tugas1.app/tugas1";
			};
			name = Release;
		};
		BD0151CD28F5771800EDD4DB /* Debug */ = {
			isa = XCBuildConfiguration;
			buildSettings = {
				ALWAYS_EMBED_SWIFT_STANDARD_LIBRARIES = YES;
				CODE_SIGN_STYLE = Automatic;
				CURRENT_PROJECT_VERSION = 1;
				GENERATE_INFOPLIST_FILE = YES;
				MARKETING_VERSION = 1.0;
				PRODUCT_BUNDLE_IDENTIFIER = com.tugas1UITests;
				PRODUCT_NAME = "$(TARGET_NAME)";
				SWIFT_EMIT_LOC_STRINGS = NO;
				SWIFT_VERSION = 5.0;
				TARGETED_DEVICE_FAMILY = "1,2";
				TEST_TARGET_NAME = tugas1;
			};
			name = Debug;
		};
		BD0151CE28F5771800EDD4DB /* Release */ = {
			isa = XCBuildConfiguration;
			buildSettings = {
				ALWAYS_EMBED_SWIFT_STANDARD_LIBRARIES = YES;
				CODE_SIGN_STYLE = Automatic;
				CURRENT_PROJECT_VERSION = 1;
				GENERATE_INFOPLIST_FILE = YES;
				MARKETING_VERSION = 1.0;
				PRODUCT_BUNDLE_IDENTIFIER = com.tugas1UITests;
				PRODUCT_NAME = "$(TARGET_NAME)";
				SWIFT_EMIT_LOC_STRINGS = NO;
				SWIFT_VERSION = 5.0;
				TARGETED_DEVICE_FAMILY = "1,2";
				TEST_TARGET_NAME = tugas1;
			};
			name = Release;
		};
/* End XCBuildConfiguration section */

/* Begin XCConfigurationList section */
		BD01519728F5771700EDD4DB /* Build configuration list for PBXProject "tugas1" */ = {
			isa = XCConfigurationList;
			buildConfigurations = (
				BD0151C428F5771800EDD4DB /* Debug */,
				BD0151C528F5771800EDD4DB /* Release */,
			);
			defaultConfigurationIsVisible = 0;
			defaultConfigurationName = Release;
		};
		BD0151C628F5771800EDD4DB /* Build configuration list for PBXNativeTarget "tugas1" */ = {
			isa = XCConfigurationList;
			buildConfigurations = (
				BD0151C728F5771800EDD4DB /* Debug */,
				BD0151C828F5771800EDD4DB /* Release */,
			);
			defaultConfigurationIsVisible = 0;
			defaultConfigurationName = Release;
		};
		BD0151C928F5771800EDD4DB /* Build configuration list for PBXNativeTarget "tugas1Tests" */ = {
			isa = XCConfigurationList;
			buildConfigurations = (
				BD0151CA28F5771800EDD4DB /* Debug */,
				BD0151CB28F5771800EDD4DB /* Release */,
			);
			defaultConfigurationIsVisible = 0;
			defaultConfigurationName = Release;
		};
		BD0151CC28F5771800EDD4DB /* Build configuration list for PBXNativeTarget "tugas1UITests" */ = {
			isa = XCConfigurationList;
			buildConfigurations = (
				BD0151CD28F5771800EDD4DB /* Debug */,
				BD0151CE28F5771800EDD4DB /* Release */,
			);
			defaultConfigurationIsVisible = 0;
			defaultConfigurationName = Release;
		};
/* End XCConfigurationList section */
	};
	rootObject = BD01519428F5771700EDD4DB /* Project object */;
}
